
Microsoft Visual Studio Solution File, Format Version 12.00
# Visual Studio Version 17
VisualStudioVersion = 17.1.32210.238
MinimumVisualStudioVersion = 10.0.40219.1
Project("{FAE04EC0-301F-11D3-BF4B-00C04F79EFBC}") = "MqttCenter", "MqttCenter.csproj", "{B78E91F7-8908-4BE1-A35D-87CC09DDD395}"
EndProject
Global
	GlobalSection(SolutionConfigurationPlatforms) = preSolution
		Debug|Any CPU = Debug|Any CPU
		Release|Any CPU = Release|Any CPU
	EndGlobalSection
	GlobalSection(ProjectConfigurationPlatforms) = postSolution
		{B78E91F7-8908-4BE1-A35D-87CC09DDD395}.Debug|Any CPU.ActiveCfg = Debug|Any CPU
		{B78E91F7-8908-4BE1-A35D-87CC09DDD395}.Debug|Any CPU.Build.0 = Debug|Any CPU
		{B78E91F7-8908-4BE1-A35D-87CC09DDD395}.Release|Any CPU.ActiveCfg = Release|Any CPU
		{B78E91F7-8908-4BE1-A35D-87CC09DDD395}.Release|Any CPU.Build.0 = Release|Any CPU
	EndGlobalSection
	GlobalSection(SolutionProperties) = preSolution
		HideSolutionNode = FALSE
	EndGlobalSection
	GlobalSection(ExtensibilityGlobals) = postSolution
		SolutionGuid = {90A0078C-CB5D-4BF2-9919-1B73B515665B}
	EndGlobalSection
EndGlobal
